// !$*UTF8*$!
{
	archiveVersion = 1;
	classes = {
	};
	objectVersion = 46;
	objects = {

/* Begin PBXBuildFile section */
		58C69EBA1B70D0CE00E4A430 /* AppDelegate.swift in Sources */ = {isa = PBXBuildFile; fileRef = 58C69EB91B70D0CE00E4A430 /* AppDelegate.swift */; };
		58C69EBC1B70D0CE00E4A430 /* ViewController.swift in Sources */ = {isa = PBXBuildFile; fileRef = 58C69EBB1B70D0CE00E4A430 /* ViewController.swift */; };
		58C69EBF1B70D0CE00E4A430 /* Main.storyboard in Resources */ = {isa = PBXBuildFile; fileRef = 58C69EBD1B70D0CE00E4A430 /* Main.storyboard */; };
		58C69EC11B70D0CE00E4A430 /* Images.xcassets in Resources */ = {isa = PBXBuildFile; fileRef = 58C69EC01B70D0CE00E4A430 /* Images.xcassets */; };
		58C69EC41B70D0CE00E4A430 /* LaunchScreen.xib in Resources */ = {isa = PBXBuildFile; fileRef = 58C69EC21B70D0CE00E4A430 /* LaunchScreen.xib */; };
		58C69ED01B70D0CE00E4A430 /* CustomViewExampleTests.swift in Sources */ = {isa = PBXBuildFile; fileRef = 58C69ECF1B70D0CE00E4A430 /* CustomViewExampleTests.swift */; };
/* End PBXBuildFile section */

/* Begin PBXContainerItemProxy section */
		58C69ECA1B70D0CE00E4A430 /* PBXContainerItemProxy */ = {
			isa = PBXContainerItemProxy;
			containerPortal = 58C69EAC1B70D0CE00E4A430 /* Project object */;
			proxyType = 1;
			remoteGlobalIDString = 58C69EB31B70D0CE00E4A430;
			remoteInfo = CustomViewExample;
		};
/* End PBXContainerItemProxy section */

/* Begin PBXFileReference section */
		58C69EB41B70D0CE00E4A430 /* CustomViewExample.app */ = {isa = PBXFileReference; explicitFileType = wrapper.application; includeInIndex = 0; path = CustomViewExample.app; sourceTree = BUILT_PRODUCTS_DIR; };
		58C69EB81B70D0CE00E4A430 /* Info.plist */ = {isa = PBXFileReference; lastKnownFileType = text.plist.xml; path = Info.plist; sourceTree = "<group>"; };
		58C69EB91B70D0CE00E4A430 /* AppDelegate.swift */ = {isa = PBXFileReference; lastKnownFileType = sourcecode.swift; path = AppDelegate.swift; sourceTree = "<group>"; };
		58C69EBB1B70D0CE00E4A430 /* ViewController.swift */ = {isa = PBXFileReference; lastKnownFileType = sourcecode.swift; path = ViewController.swift; sourceTree = "<group>"; };
		58C69EBE1B70D0CE00E4A430 /* Base */ = {isa = PBXFileReference; lastKnownFileType = file.storyboard; name = Base; path = Base.lproj/Main.storyboard; sourceTree = "<group>"; };
		58C69EC01B70D0CE00E4A430 /* Images.xcassets */ = {isa = PBXFileReference; lastKnownFileType = folder.assetcatalog; path = Images.xcassets; sourceTree = "<group>"; };
		58C69EC31B70D0CE00E4A430 /* Base */ = {isa = PBXFileReference; lastKnownFileType = file.xib; name = Base; path = Base.lproj/LaunchScreen.xib; sourceTree = "<group>"; };
		58C69EC91B70D0CE00E4A430 /* CustomViewExampleTests.xctest */ = {isa = PBXFileReference; explicitFileType = wrapper.cfbundle; includeInIndex = 0; path = CustomViewExampleTests.xctest; sourceTree = BUILT_PRODUCTS_DIR; };
		58C69ECE1B70D0CE00E4A430 /* Info.plist */ = {isa = PBXFileReference; lastKnownFileType = text.plist.xml; path = Info.plist; sourceTree = "<group>"; };
		58C69ECF1B70D0CE00E4A430 /* CustomViewExampleTests.swift */ = {isa = PBXFileReference; lastKnownFileType = sourcecode.swift; path = CustomViewExampleTests.swift; sourceTree = "<group>"; };
/* End PBXFileReference section */

/* Begin PBXFrameworksBuildPhase section */
		58C69EB11B70D0CE00E4A430 /* Frameworks */ = {
			isa = PBXFrameworksBuildPhase;
			buildActionMask = 2147483647;
			files = (
			);
			runOnlyForDeploymentPostprocessing = 0;
		};
		58C69EC61B70D0CE00E4A430 /* Frameworks */ = {
			isa = PBXFrameworksBuildPhase;
			buildActionMask = 2147483647;
			files = (
			);
			runOnlyForDeploymentPostprocessing = 0;
		};
/* End PBXFrameworksBuildPhase section */

/* Begin PBXGroup section */
		58C69EAB1B70D0CE00E4A430 = {
			isa = PBXGroup;
			children = (
				58C69EB61B70D0CE00E4A430 /* CustomViewExample */,
				58C69ECC1B70D0CE00E4A430 /* CustomViewExampleTests */,
				58C69EB51B70D0CE00E4A430 /* Products */,
			);
			sourceTree = "<group>";
		};
		58C69EB51B70D0CE00E4A430 /* Products */ = {
			isa = PBXGroup;
			children = (
				58C69EB41B70D0CE00E4A430 /* CustomViewExample.app */,
				58C69EC91B70D0CE00E4A430 /* CustomViewExampleTests.xctest */,
			);
			name = Products;
			sourceTree = "<group>";
		};
		58C69EB61B70D0CE00E4A430 /* CustomViewExample */ = {
			isa = PBXGroup;
			children = (
				58C69EB91B70D0CE00E4A430 /* AppDelegate.swift */,
				58C69EBB1B70D0CE00E4A430 /* ViewController.swift */,
				58C69EBD1B70D0CE00E4A430 /* Main.storyboard */,
				58C69EC01B70D0CE00E4A430 /* Images.xcassets */,
				58C69EC21B70D0CE00E4A430 /* LaunchScreen.xib */,
				58C69EB71B70D0CE00E4A430 /* Supporting Files */,
			);
			path = CustomViewExample;
			sourceTree = "<group>";
		};
		58C69EB71B70D0CE00E4A430 /* Supporting Files */ = {
			isa = PBXGroup;
			children = (
				58C69EB81B70D0CE00E4A430 /* Info.plist */,
			);
			name = "Supporting Files";
			sourceTree = "<group>";
		};
		58C69ECC1B70D0CE00E4A430 /* CustomViewExampleTests */ = {
			isa = PBXGroup;
			children = (
				58C69ECF1B70D0CE00E4A430 /* CustomViewExampleTests.swift */,
				58C69ECD1B70D0CE00E4A430 /* Supporting Files */,
			);
			path = CustomViewExampleTests;
			sourceTree = "<group>";
		};
		58C69ECD1B70D0CE00E4A430 /* Supporting Files */ = {
			isa = PBXGroup;
			children = (
				58C69ECE1B70D0CE00E4A430 /* Info.plist */,
			);
			name = "Supporting Files";
			sourceTree = "<group>";
		};
/* End PBXGroup section */

/* Begin PBXNativeTarget section */
		58C69EB31B70D0CE00E4A430 /* CustomViewExample */ = {
			isa = PBXNativeTarget;
			buildConfigurationList = 58C69ED31B70D0CE00E4A430 /* Build configuration list for PBXNativeTarget "CustomViewExample" */;
			buildPhases = (
				58C69EB01B70D0CE00E4A430 /* Sources */,
				58C69EB11B70D0CE00E4A430 /* Frameworks */,
				58C69EB21B70D0CE00E4A430 /* Resources */,
			);
			buildRules = (
			);
			dependencies = (
			);
			name = CustomViewExample;
			productName = CustomViewExample;
			productReference = 58C69EB41B70D0CE00E4A430 /* CustomViewExample.app */;
			productType = "com.apple.product-type.application";
		};
		58C69EC81B70D0CE00E4A430 /* CustomViewExampleTests */ = {
			isa = PBXNativeTarget;
			buildConfigurationList = 58C69ED61B70D0CE00E4A430 /* Build configuration list for PBXNativeTarget "CustomViewExampleTests" */;
			buildPhases = (
				58C69EC51B70D0CE00E4A430 /* Sources */,
				58C69EC61B70D0CE00E4A430 /* Frameworks */,
				58C69EC71B70D0CE00E4A430 /* Resources */,
			);
			buildRules = (
			);
			dependencies = (
				58C69ECB1B70D0CE00E4A430 /* PBXTargetDependency */,
			);
			name = CustomViewExampleTests;
			productName = CustomViewExampleTests;
			productReference = 58C69EC91B70D0CE00E4A430 /* CustomViewExampleTests.xctest */;
			productType = "com.apple.product-type.bundle.unit-test";
		};
/* End PBXNativeTarget section */

/* Begin PBXProject section */
		58C69EAC1B70D0CE00E4A430 /* Project object */ = {
			isa = PBXProject;
			attributes = {
				LastUpgradeCheck = 0640;
				ORGANIZATIONNAME = "Yusuke Ohashi";
				TargetAttributes = {
					58C69EB31B70D0CE00E4A430 = {
						CreatedOnToolsVersion = 6.4;
					};
					58C69EC81B70D0CE00E4A430 = {
						CreatedOnToolsVersion = 6.4;
						TestTargetID = 58C69EB31B70D0CE00E4A430;
					};
				};
			};
			buildConfigurationList = 58C69EAF1B70D0CE00E4A430 /* Build configuration list for PBXProject "CustomViewExample" */;
			compatibilityVersion = "Xcode 3.2";
			developmentRegion = English;
			hasScannedForEncodings = 0;
			knownRegions = (
				en,
				Base,
			);
			mainGroup = 58C69EAB1B70D0CE00E4A430;
			productRefGroup = 58C69EB51B70D0CE00E4A430 /* Products */;
			projectDirPath = "";
			projectRoot = "";
			targets = (
				58C69EB31B70D0CE00E4A430 /* CustomViewExample */,
				58C69EC81B70D0CE00E4A430 /* CustomViewExampleTests */,
			);
		};
/* End PBXProject section */

/* Begin PBXResourcesBuildPhase section */
		58C69EB21B70D0CE00E4A430 /* Resources */ = {
			isa = PBXResourcesBuildPhase;
			buildActionMask = 2147483647;
			files = (
				58C69EBF1B70D0CE00E4A430 /* Main.storyboard in Resources */,
				58C69EC41B70D0CE00E4A430 /* LaunchScreen.xib in Resources */,
				58C69EC11B70D0CE00E4A430 /* Images.xcassets in Resources */,
			);
			runOnlyForDeploymentPostprocessing = 0;
		};
		58C69EC71B70D0CE00E4A430 /* Resources */ = {
			isa = PBXResourcesBuildPhase;
			buildActionMask = 2147483647;
			files = (
			);
			runOnlyForDeploymentPostprocessing = 0;
		};
/* End PBXResourcesBuildPhase section */

/* Begin PBXSourcesBuildPhase section */
		58C69EB01B70D0CE00E4A430 /* Sources */ = {
			isa = PBXSourcesBuildPhase;
			buildActionMask = 2147483647;
			files = (
				58C69EBC1B70D0CE00E4A430 /* ViewController.swift in Sources */,
				58C69EBA1B70D0CE00E4A430 /* AppDelegate.swift in Sources */,
			);
			runOnlyForDeploymentPostprocessing = 0;
		};
		58C69EC51B70D0CE00E4A430 /* Sources */ = {
			isa = PBXSourcesBuildPhase;
			buildActionMask = 2147483647;
			files = (
				58C69ED01B70D0CE00E4A430 /* CustomViewExampleTests.swift in Sources */,
			);
			runOnlyForDeploymentPostprocessing = 0;
		};
/* End PBXSourcesBuildPhase section */

/* Begin PBXTargetDependency section */
		58C69ECB1B70D0CE00E4A430 /* PBXTargetDependency */ = {
			isa = PBXTargetDependency;
			target = 58C69EB31B70D0CE00E4A430 /* CustomViewExample */;
			targetProxy = 58C69ECA1B70D0CE00E4A430 /* PBXContainerItemProxy */;
		};
/* End PBXTargetDependency section */

/* Begin PBXVariantGroup section */
		58C69EBD1B70D0CE00E4A430 /* Main.storyboard */ = {
			isa = PBXVariantGroup;
			children = (
				58C69EBE1B70D0CE00E4A430 /* Base */,
			);
			name = Main.storyboard;
			sourceTree = "<group>";
		};
		58C69EC21B70D0CE00E4A430 /* LaunchScreen.xib */ = {
			isa = PBXVariantGroup;
			children = (
				58C69EC31B70D0CE00E4A430 /* Base */,
			);
			name = LaunchScreen.xib;
			sourceTree = "<group>";
		};
/* End PBXVariantGroup section */

/* Begin XCBuildConfiguration section */
		58C69ED11B70D0CE00E4A430 /* Debug */ = {
			isa = XCBuildConfiguration;
			buildSettings = {
				ALWAYS_SEARCH_USER_PATHS = NO;
				CLANG_CXX_LANGUAGE_STANDARD = "gnu++0x";
				CLANG_CXX_LIBRARY = "libc++";
				CLANG_ENABLE_MODULES = YES;
				CLANG_ENABLE_OBJC_ARC = YES;
				CLANG_WARN_BOOL_CONVERSION = YES;
				CLANG_WARN_CONSTANT_CONVERSION = YES;
				CLANG_WARN_DIRECT_OBJC_ISA_USAGE = YES_ERROR;
				CLANG_WARN_EMPTY_BODY = YES;
				CLANG_WARN_ENUM_CONVERSION = YES;
				CLANG_WARN_INT_CONVERSION = YES;
				CLANG_WARN_OBJC_ROOT_CLASS = YES_ERROR;
				CLANG_WARN_UNREACHABLE_CODE = YES;
				CLANG_WARN__DUPLICATE_METHOD_MATCH = YES;
				"CODE_SIGN_IDENTITY[sdk=iphoneos*]" = "iPhone Developer";
				COPY_PHASE_STRIP = NO;
				DEBUG_INFORMATION_FORMAT = "dwarf-with-dsym";
				ENABLE_STRICT_OBJC_MSGSEND = YES;
				GCC_C_LANGUAGE_STANDARD = gnu99;
				GCC_DYNAMIC_NO_PIC = NO;
				GCC_NO_COMMON_BLOCKS = YES;
				GCC_OPTIMIZATION_LEVEL = 0;
				GCC_PREPROCESSOR_DEFINITIONS = (
					"DEBUG=1",
					"$(inherited)",
				);
				GCC_SYMBOLS_PRIVATE_EXTERN = NO;
				GCC_WARN_64_TO_32_BIT_CONVERSION = YES;
				GCC_WARN_ABOUT_RETURN_TYPE = YES_ERROR;
				GCC_WARN_UNDECLARED_SELECTOR = YES;
				GCC_WARN_UNINITIALIZED_AUTOS = YES_AGGRESSIVE;
				GCC_WARN_UNUSED_FUNCTION = YES;
				GCC_WARN_UNUSED_VARIABLE = YES;
				IPHONEOS_DEPLOYMENT_TARGET = 8.4;
				MTL_ENABLE_DEBUG_INFO = YES;
				ONLY_ACTIVE_ARCH = YES;
				SDKROOT = iphoneos;
				SWIFT_OPTIMIZATION_LEVEL = "-Onone";
				TARGETED_DEVICE_FAMILY = "1,2";
			};
			name = Debug;
		};
		58C69ED21B70D0CE00E4A430 /* Release */ = {
			isa = XCBuildConfiguration;
			buildSettings = {
				ALWAYS_SEARCH_USER_PATHS = NO;
				CLANG_CXX_LANGUAGE_STANDARD = "gnu++0x";
				CLANG_CXX_LIBRARY = "libc++";
				CLANG_ENABLE_MODULES = YES;
				CLANG_ENABLE_OBJC_ARC = YES;
				CLANG_WARN_BOOL_CONVERSION = YES;
				CLANG_WARN_CONSTANT_CONVERSION = YES;
				CLANG_WARN_DIRECT_OBJC_ISA_USAGE = YES_ERROR;
				CLANG_WARN_EMPTY_BODY = YES;
				CLANG_WARN_ENUM_CONVERSION = YES;
				CLANG_WARN_INT_CONVERSION = YES;
				CLANG_WARN_OBJC_ROOT_CLASS = YES_ERROR;
				CLANG_WARN_UNREACHABLE_CODE = YES;
				CLANG_WARN__DUPLICATE_METHOD_MATCH = YES;
				"CODE_SIGN_IDENTITY[sdk=iphoneos*]" = "iPhone Developer";
				COPY_PHASE_STRIP = NO;
				DEBUG_INFORMATION_FORMAT = "dwarf-with-dsym";
				ENABLE_NS_ASSERTIONS = NO;
				ENABLE_STRICT_OBJC_MSGSEND = YES;
				GCC_C_LANGUAGE_STANDARD = gnu99;
				GCC_NO_COMMON_BLOCKS = YES;
				GCC_WARN_64_TO_32_BIT_CONVERSION = YES;
				GCC_WARN_ABOUT_RETURN_TYPE = YES_ERROR;
				GCC_WARN_UNDECLARED_SELECTOR = YES;
				GCC_WARN_UNINITIALIZED_AUTOS = YES_AGGRESSIVE;
				GCC_WARN_UNUSED_FUNCTION = YES;
				GCC_WARN_UNUSED_VARIABLE = YES;
				IPHONEOS_DEPLOYMENT_TARGET = 8.4;
				MTL_ENABLE_DEBUG_INFO = NO;
				SDKROOT = iphoneos;
				TARGETED_DEVICE_FAMILY = "1,2";
				VALIDATE_PRODUCT = YES;
			};
			name = Release;
		};
		58C69ED41B70D0CE00E4A430 /* Debug */ = {
			isa = XCBuildConfiguration;
			buildSettings = {
				ASSETCATALOG_COMPILER_APPICON_NAME = AppIcon;
				INFOPLIST_FILE = CustomViewExample/Info.plist;
				LD_RUNPATH_SEARCH_PATHS = "$(inherited) @executable_path/Frameworks";
				PRODUCT_NAME = "$(TARGET_NAME)";
			};
			name = Debug;
		};
		58C69ED51B70D0CE00E4A430 /* Release */ = {
			isa = XCBuildConfiguration;
			buildSettings = {
				ASSETCATALOG_COMPILER_APPICON_NAME = AppIcon;
				INFOPLIST_FILE = CustomViewExample/Info.plist;
				LD_RUNPATH_SEARCH_PATHS = "$(inherited) @executable_path/Frameworks";
				PRODUCT_NAME = "$(TARGET_NAME)";
			};
			name = Release;
		};
		58C69ED71B70D0CE00E4A430 /* Debug */ = {
			isa = XCBuildConfiguration;
			buildSettings = {
				BUNDLE_LOADER = "$(TEST_HOST)";
				FRAMEWORK_SEARCH_PATHS = (
					"$(SDKROOT)/Developer/Library/Frameworks",
					"$(inherited)",
				);
				GCC_PREPROCESSOR_DEFINITIONS = (
					"DEBUG=1",
					"$(inherited)",
				);
				INFOPLIST_FILE = CustomViewExampleTests/Info.plist;
				LD_RUNPATH_SEARCH_PATHS = "$(inherited) @executable_path/Frameworks @loader_path/Frameworks";
				PRODUCT_NAME = "$(TARGET_NAME)";
				TEST_HOST = "$(BUILT_PRODUCTS_DIR)/CustomViewExample.app/CustomViewExample";
			};
			name = Debug;
		};
		58C69ED81B70D0CE00E4A430 /* Release */ = {
			isa = XCBuildConfiguration;
			buildSettings = {
				BUNDLE_LOADER = "$(TEST_HOST)";
				FRAMEWORK_SEARCH_PATHS = (
					"$(SDKROOT)/Developer/Library/Frameworks",
					"$(inherited)",
				);
				INFOPLIST_FILE = CustomViewExampleTests/Info.plist;
				LD_RUNPATH_SEARCH_PATHS = "$(inherited) @executable_path/Frameworks @loader_path/Frameworks";
				PRODUCT_NAME = "$(TARGET_NAME)";
				TEST_HOST = "$(BUILT_PRODUCTS_DIR)/CustomViewExample.app/CustomViewExample";
			};
			name = Release;
		};
/* End XCBuildConfiguration section */

/* Begin XCConfigurationList section */
		58C69EAF1B70D0CE00E4A430 /* Build configuration list for PBXProject "CustomViewExample" */ = {
			isa = XCConfigurationList;
			buildConfigurations = (
				58C69ED11B70D0CE00E4A430 /* Debug */,
				58C69ED21B70D0CE00E4A430 /* Release */,
			);
			defaultConfigurationIsVisible = 0;
			defaultConfigurationName = Release;
		};
		58C69ED31B70D0CE00E4A430 /* Build configuration list for PBXNativeTarget "CustomViewExample" */ = {
			isa = XCConfigurationList;
			buildConfigurations = (
				58C69ED41B70D0CE00E4A430 /* Debug */,
				58C69ED51B70D0CE00E4A430 /* Release */,
			);
			defaultConfigurationIsVisible = 0;
		};
		58C69ED61B70D0CE00E4A430 /* Build configuration list for PBXNativeTarget "CustomViewExampleTests" */ = {
			isa = XCConfigurationList;
			buildConfigurations = (
				58C69ED71B70D0CE00E4A430 /* Debug */,
				58C69ED81B70D0CE00E4A430 /* Release */,
			);
			defaultConfigurationIsVisible = 0;
		};
/* End XCConfigurationList section */
	};
	rootObject = 58C69EAC1B70D0CE00E4A430 /* Project object */;
}
